
Microsoft Visual Studio Solution File, Format Version 12.00
# Visual Studio Version 17
VisualStudioVersion = 17.5.33530.505
MinimumVisualStudioVersion = 10.0.40219.1
Project("{9A19103F-16F7-4668-BE54-9A1E7A4F7556}") = "DotMessenger.Core", "DotMessenger.Core\DotMessenger.Core.csproj", "{39D4531B-715A-4A18-A4DF-7879DCDB181F}"
EndProject
Project("{9A19103F-16F7-4668-BE54-9A1E7A4F7556}") = "DotMessenger.Core.Tests", "DotMessenger.Core.Tests\DotMessenger.Core.Tests.csproj", "{501ED211-B0DA-48B1-A812-AF592CB49986}"
EndProject
Project("{9A19103F-16F7-4668-BE54-9A1E7A4F7556}") = "DotMessenger.WebApi", "DotMessenger.WebApi\DotMessenger.WebApi.csproj", "{B48D5A42-88EC-49CE-900A-A84B61C98AC4}"
EndProject
Project("{9A19103F-16F7-4668-BE54-9A1E7A4F7556}") = "DotMessenger.Shared", "DotMessenger.Shared\DotMessenger.Shared.csproj", "{B7FEB387-C49F-4B00-90D5-4DE2B59BE1D6}"
EndProject
Project("{FAE04EC0-301F-11D3-BF4B-00C04F79EFBC}") = "DotMessenger.Adapter", "DotMessenger.Adapter\DotMessenger.Adapter.csproj", "{D9F51FF5-4758-41BD-BEB4-D9D1803BA16E}"
EndProject
Global
	GlobalSection(SolutionConfigurationPlatforms) = preSolution
		Debug|Any CPU = Debug|Any CPU
		Release|Any CPU = Release|Any CPU
	EndGlobalSection
	GlobalSection(ProjectConfigurationPlatforms) = postSolution
		{39D4531B-715A-4A18-A4DF-7879DCDB181F}.Debug|Any CPU.ActiveCfg = Debug|Any CPU
		{39D4531B-715A-4A18-A4DF-7879DCDB181F}.Debug|Any CPU.Build.0 = Debug|Any CPU
		{39D4531B-715A-4A18-A4DF-7879DCDB181F}.Release|Any CPU.ActiveCfg = Release|Any CPU
		{39D4531B-715A-4A18-A4DF-7879DCDB181F}.Release|Any CPU.Build.0 = Release|Any CPU
		{501ED211-B0DA-48B1-A812-AF592CB49986}.Debug|Any CPU.ActiveCfg = Debug|Any CPU
		{501ED211-B0DA-48B1-A812-AF592CB49986}.Debug|Any CPU.Build.0 = Debug|Any CPU
		{501ED211-B0DA-48B1-A812-AF592CB49986}.Release|Any CPU.ActiveCfg = Release|Any CPU
		{501ED211-B0DA-48B1-A812-AF592CB49986}.Release|Any CPU.Build.0 = Release|Any CPU
		{B48D5A42-88EC-49CE-900A-A84B61C98AC4}.Debug|Any CPU.ActiveCfg = Debug|Any CPU
		{B48D5A42-88EC-49CE-900A-A84B61C98AC4}.Debug|Any CPU.Build.0 = Debug|Any CPU
		{B48D5A42-88EC-49CE-900A-A84B61C98AC4}.Release|Any CPU.ActiveCfg = Release|Any CPU
		{B48D5A42-88EC-49CE-900A-A84B61C98AC4}.Release|Any CPU.Build.0 = Release|Any CPU
		{B7FEB387-C49F-4B00-90D5-4DE2B59BE1D6}.Debug|Any CPU.ActiveCfg = Debug|Any CPU
		{B7FEB387-C49F-4B00-90D5-4DE2B59BE1D6}.Debug|Any CPU.Build.0 = Debug|Any CPU
		{B7FEB387-C49F-4B00-90D5-4DE2B59BE1D6}.Release|Any CPU.ActiveCfg = Release|Any CPU
		{B7FEB387-C49F-4B00-90D5-4DE2B59BE1D6}.Release|Any CPU.Build.0 = Release|Any CPU
		{D9F51FF5-4758-41BD-BEB4-D9D1803BA16E}.Debug|Any CPU.ActiveCfg = Debug|Any CPU
		{D9F51FF5-4758-41BD-BEB4-D9D1803BA16E}.Debug|Any CPU.Build.0 = Debug|Any CPU
		{D9F51FF5-4758-41BD-BEB4-D9D1803BA16E}.Release|Any CPU.ActiveCfg = Release|Any CPU
		{D9F51FF5-4758-41BD-BEB4-D9D1803BA16E}.Release|Any CPU.Build.0 = Release|Any CPU
	EndGlobalSection
	GlobalSection(SolutionProperties) = preSolution
		HideSolutionNode = FALSE
	EndGlobalSection
	GlobalSection(ExtensibilityGlobals) = postSolution
		SolutionGuid = {9CE4B10B-DB62-418C-8EFB-C2497DD8FADA}
	EndGlobalSection
EndGlobal
